
Microsoft Visual Studio Solution File, Format Version 12.00
# Visual Studio Version 17
VisualStudioVersion = 17.0.31903.59
MinimumVisualStudioVersion = 10.0.40219.1
Project("{FAE04EC0-301F-11D3-BF4B-00C04F79EFBC}") = "VSExtensions.RestClientTool.VS2022", "VSExtensions.RestClientTool.VS2022\VSExtensions.RestClientTool.VS2022.csproj", "{8C7CA7E2-1A09-4D61-86F7-1B5141D6F969}"
EndProject
Project("{D954291E-2A0B-460D-934E-DC6B0785DB48}") = "VSExtensions.RestClientTool", "VSExtensions.RestClientTool\VSExtensions.RestClientTool.shproj", "{68FB32C7-943B-4B47-BE41-5C557E9E6E70}"
EndProject
Project("{2150E333-8FDC-42A3-9474-1A3956D46DE8}") = "Solution Items", "Solution Items", "{C5D9DEA4-295F-4AF2-9E05-2C60013E4914}"
	ProjectSection(SolutionItems) = preProject
		.editorconfig = .editorconfig
	EndProjectSection
EndProject
Global
	GlobalSection(SharedMSBuildProjectFiles) = preSolution
		VSExtensions.RestClientTool\VSExtensions.RestClientTool.projitems*{68fb32c7-943b-4b47-be41-5c557e9e6e70}*SharedItemsImports = 13
		VSExtensions.RestClientTool\VSExtensions.RestClientTool.projitems*{8c7ca7e2-1a09-4d61-86f7-1b5141d6f969}*SharedItemsImports = 4
	EndGlobalSection
	GlobalSection(SolutionConfigurationPlatforms) = preSolution
		Debug|Any CPU = Debug|Any CPU
		Debug|x86 = Debug|x86
		Release|Any CPU = Release|Any CPU
		Release|x86 = Release|x86
	EndGlobalSection
	GlobalSection(ProjectConfigurationPlatforms) = postSolution
		{8C7CA7E2-1A09-4D61-86F7-1B5141D6F969}.Debug|Any CPU.ActiveCfg = Debug|Any CPU
		{8C7CA7E2-1A09-4D61-86F7-1B5141D6F969}.Debug|Any CPU.Build.0 = Debug|Any CPU
		{8C7CA7E2-1A09-4D61-86F7-1B5141D6F969}.Debug|x86.ActiveCfg = Debug|x86
		{8C7CA7E2-1A09-4D61-86F7-1B5141D6F969}.Debug|x86.Build.0 = Debug|x86
		{8C7CA7E2-1A09-4D61-86F7-1B5141D6F969}.Release|Any CPU.ActiveCfg = Release|Any CPU
		{8C7CA7E2-1A09-4D61-86F7-1B5141D6F969}.Release|Any CPU.Build.0 = Release|Any CPU
		{8C7CA7E2-1A09-4D61-86F7-1B5141D6F969}.Release|x86.ActiveCfg = Release|x86
		{8C7CA7E2-1A09-4D61-86F7-1B5141D6F969}.Release|x86.Build.0 = Release|x86
	EndGlobalSection
	GlobalSection(SolutionProperties) = preSolution
		HideSolutionNode = FALSE
	EndGlobalSection
	GlobalSection(ExtensibilityGlobals) = postSolution
		SolutionGuid = {BDC87198-F665-4BEE-BCC7-4D93988A944D}
	EndGlobalSection
EndGlobal
